// !$*UTF8*$!
{
	archiveVersion = 1;
	classes = {
	};
	objectVersion = 50;
	objects = {

/* Begin PBXBuildFile section */
		12A0FB98210E8EB100BAA7FA /* AppDelegate.swift in Sources */ = {isa = PBXBuildFile; fileRef = 12A0FB97210E8EB100BAA7FA /* AppDelegate.swift */; };
		12A0FB9D210E8EB100BAA7FA /* Main.storyboard in Resources */ = {isa = PBXBuildFile; fileRef = 12A0FB9B210E8EB100BAA7FA /* Main.storyboard */; };
		12A0FB9F210E8EB300BAA7FA /* Assets.xcassets in Resources */ = {isa = PBXBuildFile; fileRef = 12A0FB9E210E8EB300BAA7FA /* Assets.xcassets */; };
		12A0FBA2210E8EB300BAA7FA /* LaunchScreen.storyboard in Resources */ = {isa = PBXBuildFile; fileRef = 12A0FBA0210E8EB300BAA7FA /* LaunchScreen.storyboard */; };
		12C0D200210FDDD0003995D2 /* NetworkingLayer.swift in Sources */ = {isa = PBXBuildFile; fileRef = 12C0D1FC210FDDD0003995D2 /* NetworkingLayer.swift */; };
		12C0D201210FDDD0003995D2 /* LocationService.swift in Sources */ = {isa = PBXBuildFile; fileRef = 12C0D1FD210FDDD0003995D2 /* LocationService.swift */; };
		12C0D202210FDDD0003995D2 /* GooglePlaceAPI.swift in Sources */ = {isa = PBXBuildFile; fileRef = 12C0D1FE210FDDD0003995D2 /* GooglePlaceAPI.swift */; };
		12C0D203210FDDD0003995D2 /* APIParser.swift in Sources */ = {isa = PBXBuildFile; fileRef = 12C0D1FF210FDDD0003995D2 /* APIParser.swift */; };
		12C0D209210FDE24003995D2 /* Constants.swift in Sources */ = {isa = PBXBuildFile; fileRef = 12C0D205210FDE24003995D2 /* Constants.swift */; };
		12C0D20A210FDE24003995D2 /* PlaceOfInterest.swift in Sources */ = {isa = PBXBuildFile; fileRef = 12C0D206210FDE24003995D2 /* PlaceOfInterest.swift */; };
		12C0D20E210FDF34003995D2 /* SearchVC.swift in Sources */ = {isa = PBXBuildFile; fileRef = 12C0D20D210FDF34003995D2 /* SearchVC.swift */; };
		12C0D211210FE033003995D2 /* FilterVC.swift in Sources */ = {isa = PBXBuildFile; fileRef = 12C0D210210FE033003995D2 /* FilterVC.swift */; };
		12C0D213210FE121003995D2 /* Rank.swift in Sources */ = {isa = PBXBuildFile; fileRef = 12C0D212210FE121003995D2 /* Rank.swift */; };
		12C0D215210FE287003995D2 /* TextSearchQuery.swift in Sources */ = {isa = PBXBuildFile; fileRef = 12C0D214210FE287003995D2 /* TextSearchQuery.swift */; };
		12C0D218210FE8D9003995D2 /* FilterSettingsDelegate.swift in Sources */ = {isa = PBXBuildFile; fileRef = 12C0D217210FE8D9003995D2 /* FilterSettingsDelegate.swift */; };
		12C0D21C2110148A003995D2 /* PlaceTableViewCell.swift in Sources */ = {isa = PBXBuildFile; fileRef = 12C0D21B2110148A003995D2 /* PlaceTableViewCell.swift */; };
		12C0D21E211014B2003995D2 /* ResultsVC.swift in Sources */ = {isa = PBXBuildFile; fileRef = 12C0D21D211014B2003995D2 /* ResultsVC.swift */; };
/* End PBXBuildFile section */

/* Begin PBXFileReference section */
		12A0FB94210E8EB100BAA7FA /* GetGoingAssignment.app */ = {isa = PBXFileReference; explicitFileType = wrapper.application; includeInIndex = 0; path = GetGoingAssignment.app; sourceTree = BUILT_PRODUCTS_DIR; };
		12A0FB97210E8EB100BAA7FA /* AppDelegate.swift */ = {isa = PBXFileReference; lastKnownFileType = sourcecode.swift; path = AppDelegate.swift; sourceTree = "<group>"; };
		12A0FB9C210E8EB100BAA7FA /* Base */ = {isa = PBXFileReference; lastKnownFileType = file.storyboard; name = Base; path = Base.lproj/Main.storyboard; sourceTree = "<group>"; };
		12A0FB9E210E8EB300BAA7FA /* Assets.xcassets */ = {isa = PBXFileReference; lastKnownFileType = folder.assetcatalog; path = Assets.xcassets; sourceTree = "<group>"; };
		12A0FBA1210E8EB300BAA7FA /* Base */ = {isa = PBXFileReference; lastKnownFileType = file.storyboard; name = Base; path = Base.lproj/LaunchScreen.storyboard; sourceTree = "<group>"; };
		12A0FBA3210E8EB300BAA7FA /* Info.plist */ = {isa = PBXFileReference; lastKnownFileType = text.plist.xml; path = Info.plist; sourceTree = "<group>"; };
		12C0D1FC210FDDD0003995D2 /* NetworkingLayer.swift */ = {isa = PBXFileReference; fileEncoding = 4; lastKnownFileType = sourcecode.swift; path = NetworkingLayer.swift; sourceTree = "<group>"; };
		12C0D1FD210FDDD0003995D2 /* LocationService.swift */ = {isa = PBXFileReference; fileEncoding = 4; lastKnownFileType = sourcecode.swift; path = LocationService.swift; sourceTree = "<group>"; };
		12C0D1FE210FDDD0003995D2 /* GooglePlaceAPI.swift */ = {isa = PBXFileReference; fileEncoding = 4; lastKnownFileType = sourcecode.swift; path = GooglePlaceAPI.swift; sourceTree = "<group>"; };
		12C0D1FF210FDDD0003995D2 /* APIParser.swift */ = {isa = PBXFileReference; fileEncoding = 4; lastKnownFileType = sourcecode.swift; path = APIParser.swift; sourceTree = "<group>"; };
		12C0D205210FDE24003995D2 /* Constants.swift */ = {isa = PBXFileReference; fileEncoding = 4; lastKnownFileType = sourcecode.swift; path = Constants.swift; sourceTree = "<group>"; };
		12C0D206210FDE24003995D2 /* PlaceOfInterest.swift */ = {isa = PBXFileReference; fileEncoding = 4; lastKnownFileType = sourcecode.swift; path = PlaceOfInterest.swift; sourceTree = "<group>"; };
		12C0D20D210FDF34003995D2 /* SearchVC.swift */ = {isa = PBXFileReference; lastKnownFileType = sourcecode.swift; path = SearchVC.swift; sourceTree = "<group>"; };
		12C0D210210FE033003995D2 /* FilterVC.swift */ = {isa = PBXFileReference; lastKnownFileType = sourcecode.swift; path = FilterVC.swift; sourceTree = "<group>"; };
		12C0D212210FE121003995D2 /* Rank.swift */ = {isa = PBXFileReference; lastKnownFileType = sourcecode.swift; path = Rank.swift; sourceTree = "<group>"; };
		12C0D214210FE287003995D2 /* TextSearchQuery.swift */ = {isa = PBXFileReference; lastKnownFileType = sourcecode.swift; path = TextSearchQuery.swift; sourceTree = "<group>"; };
		12C0D217210FE8D9003995D2 /* FilterSettingsDelegate.swift */ = {isa = PBXFileReference; lastKnownFileType = sourcecode.swift; path = FilterSettingsDelegate.swift; sourceTree = "<group>"; };
		12C0D21B2110148A003995D2 /* PlaceTableViewCell.swift */ = {isa = PBXFileReference; lastKnownFileType = sourcecode.swift; path = PlaceTableViewCell.swift; sourceTree = "<group>"; };
		12C0D21D211014B2003995D2 /* ResultsVC.swift */ = {isa = PBXFileReference; lastKnownFileType = sourcecode.swift; path = ResultsVC.swift; sourceTree = "<group>"; };
/* End PBXFileReference section */

/* Begin PBXFrameworksBuildPhase section */
		12A0FB91210E8EB100BAA7FA /* Frameworks */ = {
			isa = PBXFrameworksBuildPhase;
			buildActionMask = 2147483647;
			files = (
			);
			runOnlyForDeploymentPostprocessing = 0;
		};
/* End PBXFrameworksBuildPhase section */

/* Begin PBXGroup section */
		12A0FB8B210E8EB100BAA7FA = {
			isa = PBXGroup;
			children = (
				12A0FB96210E8EB100BAA7FA /* GetGoingAssignment */,
				12A0FB95210E8EB100BAA7FA /* Products */,
			);
			sourceTree = "<group>";
		};
		12A0FB95210E8EB100BAA7FA /* Products */ = {
			isa = PBXGroup;
			children = (
				12A0FB94210E8EB100BAA7FA /* GetGoingAssignment.app */,
			);
			name = Products;
			sourceTree = "<group>";
		};
		12A0FB96210E8EB100BAA7FA /* GetGoingAssignment */ = {
			isa = PBXGroup;
			children = (
				12A0FB97210E8EB100BAA7FA /* AppDelegate.swift */,
				12A0FB9E210E8EB300BAA7FA /* Assets.xcassets */,
				12C0D216210FE8BF003995D2 /* Delegate */,
				12C0D204210FDDE4003995D2 /* Model */,
				12C0D21A21101455003995D2 /* View */,
				12C0D1FB210FDDC7003995D2 /* Service */,
				12C0D2192110111F003995D2 /* ViewController */,
				12A0FB9B210E8EB100BAA7FA /* Main.storyboard */,
				12A0FBA0210E8EB300BAA7FA /* LaunchScreen.storyboard */,
				12A0FBA3210E8EB300BAA7FA /* Info.plist */,
			);
			path = GetGoingAssignment;
			sourceTree = "<group>";
		};
		12C0D1FB210FDDC7003995D2 /* Service */ = {
			isa = PBXGroup;
			children = (
				12C0D1FF210FDDD0003995D2 /* APIParser.swift */,
				12C0D1FE210FDDD0003995D2 /* GooglePlaceAPI.swift */,
				12C0D1FD210FDDD0003995D2 /* LocationService.swift */,
				12C0D1FC210FDDD0003995D2 /* NetworkingLayer.swift */,
			);
			path = Service;
			sourceTree = "<group>";
		};
		12C0D204210FDDE4003995D2 /* Model */ = {
			isa = PBXGroup;
			children = (
				12C0D205210FDE24003995D2 /* Constants.swift */,
				12C0D206210FDE24003995D2 /* PlaceOfInterest.swift */,
				12C0D212210FE121003995D2 /* Rank.swift */,
				12C0D214210FE287003995D2 /* TextSearchQuery.swift */,
			);
			path = Model;
			sourceTree = "<group>";
		};
		12C0D216210FE8BF003995D2 /* Delegate */ = {
			isa = PBXGroup;
			children = (
				12C0D217210FE8D9003995D2 /* FilterSettingsDelegate.swift */,
			);
			path = Delegate;
			sourceTree = "<group>";
		};
		12C0D2192110111F003995D2 /* ViewController */ = {
			isa = PBXGroup;
			children = (
				12C0D20D210FDF34003995D2 /* SearchVC.swift */,
				12C0D210210FE033003995D2 /* FilterVC.swift */,
				12C0D21D211014B2003995D2 /* ResultsVC.swift */,
			);
			path = ViewController;
			sourceTree = "<group>";
		};
		12C0D21A21101455003995D2 /* View */ = {
			isa = PBXGroup;
			children = (
				12C0D21B2110148A003995D2 /* PlaceTableViewCell.swift */,
			);
			path = View;
			sourceTree = "<group>";
		};
/* End PBXGroup section */

/* Begin PBXNativeTarget section */
		12A0FB93210E8EB100BAA7FA /* GetGoingAssignment */ = {
			isa = PBXNativeTarget;
			buildConfigurationList = 12A0FBA6210E8EB300BAA7FA /* Build configuration list for PBXNativeTarget "GetGoingAssignment" */;
			buildPhases = (
				12A0FB90210E8EB100BAA7FA /* Sources */,
				12A0FB91210E8EB100BAA7FA /* Frameworks */,
				12A0FB92210E8EB100BAA7FA /* Resources */,
			);
			buildRules = (
			);
			dependencies = (
			);
			name = GetGoingAssignment;
			productName = GetGoingAssignment;
			productReference = 12A0FB94210E8EB100BAA7FA /* GetGoingAssignment.app */;
			productType = "com.apple.product-type.application";
		};
/* End PBXNativeTarget section */

/* Begin PBXProject section */
		12A0FB8C210E8EB100BAA7FA /* Project object */ = {
			isa = PBXProject;
			attributes = {
				LastSwiftUpdateCheck = 0940;
				LastUpgradeCheck = 0940;
				ORGANIZATIONNAME = maruf;
				TargetAttributes = {
					12A0FB93210E8EB100BAA7FA = {
						CreatedOnToolsVersion = 9.4;
					};
				};
			};
			buildConfigurationList = 12A0FB8F210E8EB100BAA7FA /* Build configuration list for PBXProject "GetGoingAssignment" */;
			compatibilityVersion = "Xcode 9.3";
			developmentRegion = en;
			hasScannedForEncodings = 0;
			knownRegions = (
				en,
				Base,
			);
			mainGroup = 12A0FB8B210E8EB100BAA7FA;
			productRefGroup = 12A0FB95210E8EB100BAA7FA /* Products */;
			projectDirPath = "";
			projectRoot = "";
			targets = (
				12A0FB93210E8EB100BAA7FA /* GetGoingAssignment */,
			);
		};
/* End PBXProject section */

/* Begin PBXResourcesBuildPhase section */
		12A0FB92210E8EB100BAA7FA /* Resources */ = {
			isa = PBXResourcesBuildPhase;
			buildActionMask = 2147483647;
			files = (
				12A0FBA2210E8EB300BAA7FA /* LaunchScreen.storyboard in Resources */,
				12A0FB9F210E8EB300BAA7FA /* Assets.xcassets in Resources */,
				12A0FB9D210E8EB100BAA7FA /* Main.storyboard in Resources */,
			);
			runOnlyForDeploymentPostprocessing = 0;
		};
/* End PBXResourcesBuildPhase section */

/* Begin PBXSourcesBuildPhase section */
		12A0FB90210E8EB100BAA7FA /* Sources */ = {
			isa = PBXSourcesBuildPhase;
			buildActionMask = 2147483647;
			files = (
				12C0D211210FE033003995D2 /* FilterVC.swift in Sources */,
				12C0D20A210FDE24003995D2 /* PlaceOfInterest.swift in Sources */,
				12C0D20E210FDF34003995D2 /* SearchVC.swift in Sources */,
				12C0D203210FDDD0003995D2 /* APIParser.swift in Sources */,
				12C0D21C2110148A003995D2 /* PlaceTableViewCell.swift in Sources */,
				12C0D200210FDDD0003995D2 /* NetworkingLayer.swift in Sources */,
				12C0D218210FE8D9003995D2 /* FilterSettingsDelegate.swift in Sources */,
				12C0D21E211014B2003995D2 /* ResultsVC.swift in Sources */,
				12C0D201210FDDD0003995D2 /* LocationService.swift in Sources */,
				12C0D209210FDE24003995D2 /* Constants.swift in Sources */,
				12C0D202210FDDD0003995D2 /* GooglePlaceAPI.swift in Sources */,
				12C0D213210FE121003995D2 /* Rank.swift in Sources */,
				12A0FB98210E8EB100BAA7FA /* AppDelegate.swift in Sources */,
				12C0D215210FE287003995D2 /* TextSearchQuery.swift in Sources */,
			);
			runOnlyForDeploymentPostprocessing = 0;
		};
/* End PBXSourcesBuildPhase section */

/* Begin PBXVariantGroup section */
		12A0FB9B210E8EB100BAA7FA /* Main.storyboard */ = {
			isa = PBXVariantGroup;
			children = (
				12A0FB9C210E8EB100BAA7FA /* Base */,
			);
			name = Main.storyboard;
			sourceTree = "<group>";
		};
		12A0FBA0210E8EB300BAA7FA /* LaunchScreen.storyboard */ = {
			isa = PBXVariantGroup;
			children = (
				12A0FBA1210E8EB300BAA7FA /* Base */,
			);
			name = LaunchScreen.storyboard;
			sourceTree = "<group>";
		};
/* End PBXVariantGroup section */

/* Begin XCBuildConfiguration section */
		12A0FBA4210E8EB300BAA7FA /* Debug */ = {
			isa = XCBuildConfiguration;
			buildSettings = {
				ALWAYS_SEARCH_USER_PATHS = NO;
				CLANG_ANALYZER_NONNULL = YES;
				CLANG_ANALYZER_NUMBER_OBJECT_CONVERSION = YES_AGGRESSIVE;
				CLANG_CXX_LANGUAGE_STANDARD = "gnu++14";
				CLANG_CXX_LIBRARY = "libc++";
				CLANG_ENABLE_MODULES = YES;
				CLANG_ENABLE_OBJC_ARC = YES;
				CLANG_ENABLE_OBJC_WEAK = YES;
				CLANG_WARN_BLOCK_CAPTURE_AUTORELEASING = YES;
				CLANG_WARN_BOOL_CONVERSION = YES;
				CLANG_WARN_COMMA = YES;
				CLANG_WARN_CONSTANT_CONVERSION = YES;
				CLANG_WARN_DEPRECATED_OBJC_IMPLEMENTATIONS = YES;
				CLANG_WARN_DIRECT_OBJC_ISA_USAGE = YES_ERROR;
				CLANG_WARN_DOCUMENTATION_COMMENTS = YES;
				CLANG_WARN_EMPTY_BODY = YES;
				CLANG_WARN_ENUM_CONVERSION = YES;
				CLANG_WARN_INFINITE_RECURSION = YES;
				CLANG_WARN_INT_CONVERSION = YES;
				CLANG_WARN_NON_LITERAL_NULL_CONVERSION = YES;
				CLANG_WARN_OBJC_IMPLICIT_RETAIN_SELF = YES;
				CLANG_WARN_OBJC_LITERAL_CONVERSION = YES;
				CLANG_WARN_OBJC_ROOT_CLASS = YES_ERROR;
				CLANG_WARN_RANGE_LOOP_ANALYSIS = YES;
				CLANG_WARN_STRICT_PROTOTYPES = YES;
				CLANG_WARN_SUSPICIOUS_MOVE = YES;
				CLANG_WARN_UNGUARDED_AVAILABILITY = YES_AGGRESSIVE;
				CLANG_WARN_UNREACHABLE_CODE = YES;
				CLANG_WARN__DUPLICATE_METHOD_MATCH = YES;
				CODE_SIGN_IDENTITY = "iPhone Developer";
				COPY_PHASE_STRIP = NO;
				DEBUG_INFORMATION_FORMAT = dwarf;
				ENABLE_STRICT_OBJC_MSGSEND = YES;
				ENABLE_TESTABILITY = YES;
				GCC_C_LANGUAGE_STANDARD = gnu11;
				GCC_DYNAMIC_NO_PIC = NO;
				GCC_NO_COMMON_BLOCKS = YES;
				GCC_OPTIMIZATION_LEVEL = 0;
				GCC_PREPROCESSOR_DEFINITIONS = (
					"DEBUG=1",
					"$(inherited)",
				);
				GCC_WARN_64_TO_32_BIT_CONVERSION = YES;
				GCC_WARN_ABOUT_RETURN_TYPE = YES_ERROR;
				GCC_WARN_UNDECLARED_SELECTOR = YES;
				GCC_WARN_UNINITIALIZED_AUTOS = YES_AGGRESSIVE;
				GCC_WARN_UNUSED_FUNCTION = YES;
				GCC_WARN_UNUSED_VARIABLE = YES;
				IPHONEOS_DEPLOYMENT_TARGET = 11.4;
				MTL_ENABLE_DEBUG_INFO = YES;
				ONLY_ACTIVE_ARCH = YES;
				SDKROOT = iphoneos;
				SWIFT_ACTIVE_COMPILATION_CONDITIONS = DEBUG;
				SWIFT_OPTIMIZATION_LEVEL = "-Onone";
			};
			name = Debug;
		};
		12A0FBA5210E8EB300BAA7FA /* Release */ = {
			isa = XCBuildConfiguration;
			buildSettings = {
				ALWAYS_SEARCH_USER_PATHS = NO;
				CLANG_ANALYZER_NONNULL = YES;
				CLANG_ANALYZER_NUMBER_OBJECT_CONVERSION = YES_AGGRESSIVE;
				CLANG_CXX_LANGUAGE_STANDARD = "gnu++14";
				CLANG_CXX_LIBRARY = "libc++";
				CLANG_ENABLE_MODULES = YES;
				CLANG_ENABLE_OBJC_ARC = YES;
				CLANG_ENABLE_OBJC_WEAK = YES;
				CLANG_WARN_BLOCK_CAPTURE_AUTORELEASING = YES;
				CLANG_WARN_BOOL_CONVERSION = YES;
				CLANG_WARN_COMMA = YES;
				CLANG_WARN_CONSTANT_CONVERSION = YES;
				CLANG_WARN_DEPRECATED_OBJC_IMPLEMENTATIONS = YES;
				CLANG_WARN_DIRECT_OBJC_ISA_USAGE = YES_ERROR;
				CLANG_WARN_DOCUMENTATION_COMMENTS = YES;
				CLANG_WARN_EMPTY_BODY = YES;
				CLANG_WARN_ENUM_CONVERSION = YES;
				CLANG_WARN_INFINITE_RECURSION = YES;
				CLANG_WARN_INT_CONVERSION = YES;
				CLANG_WARN_NON_LITERAL_NULL_CONVERSION = YES;
				CLANG_WARN_OBJC_IMPLICIT_RETAIN_SELF = YES;
				CLANG_WARN_OBJC_LITERAL_CONVERSION = YES;
				CLANG_WARN_OBJC_ROOT_CLASS = YES_ERROR;
				CLANG_WARN_RANGE_LOOP_ANALYSIS = YES;
				CLANG_WARN_STRICT_PROTOTYPES = YES;
				CLANG_WARN_SUSPICIOUS_MOVE = YES;
				CLANG_WARN_UNGUARDED_AVAILABILITY = YES_AGGRESSIVE;
				CLANG_WARN_UNREACHABLE_CODE = YES;
				CLANG_WARN__DUPLICATE_METHOD_MATCH = YES;
				CODE_SIGN_IDENTITY = "iPhone Developer";
				COPY_PHASE_STRIP = NO;
				DEBUG_INFORMATION_FORMAT = "dwarf-with-dsym";
				ENABLE_NS_ASSERTIONS = NO;
				ENABLE_STRICT_OBJC_MSGSEND = YES;
				GCC_C_LANGUAGE_STANDARD = gnu11;
				GCC_NO_COMMON_BLOCKS = YES;
				GCC_WARN_64_TO_32_BIT_CONVERSION = YES;
				GCC_WARN_ABOUT_RETURN_TYPE = YES_ERROR;
				GCC_WARN_UNDECLARED_SELECTOR = YES;
				GCC_WARN_UNINITIALIZED_AUTOS = YES_AGGRESSIVE;
				GCC_WARN_UNUSED_FUNCTION = YES;
				GCC_WARN_UNUSED_VARIABLE = YES;
				IPHONEOS_DEPLOYMENT_TARGET = 11.4;
				MTL_ENABLE_DEBUG_INFO = NO;
				SDKROOT = iphoneos;
				SWIFT_COMPILATION_MODE = wholemodule;
				SWIFT_OPTIMIZATION_LEVEL = "-O";
				VALIDATE_PRODUCT = YES;
			};
			name = Release;
		};
		12A0FBA7210E8EB300BAA7FA /* Debug */ = {
			isa = XCBuildConfiguration;
			buildSettings = {
				ASSETCATALOG_COMPILER_APPICON_NAME = AppIcon;
				CODE_SIGN_STYLE = Automatic;
				INFOPLIST_FILE = GetGoingAssignment/Info.plist;
				LD_RUNPATH_SEARCH_PATHS = (
					"$(inherited)",
					"@executable_path/Frameworks",
				);
				PRODUCT_BUNDLE_IDENTIFIER = nafee.GetGoingAssignment;
				PRODUCT_NAME = "$(TARGET_NAME)";
				SWIFT_VERSION = 4.0;
				TARGETED_DEVICE_FAMILY = "1,2";
			};
			name = Debug;
		};
		12A0FBA8210E8EB300BAA7FA /* Release */ = {
			isa = XCBuildConfiguration;
			buildSettings = {
				ASSETCATALOG_COMPILER_APPICON_NAME = AppIcon;
				CODE_SIGN_STYLE = Automatic;
				INFOPLIST_FILE = GetGoingAssignment/Info.plist;
				LD_RUNPATH_SEARCH_PATHS = (
					"$(inherited)",
					"@executable_path/Frameworks",
				);
				PRODUCT_BUNDLE_IDENTIFIER = nafee.GetGoingAssignment;
				PRODUCT_NAME = "$(TARGET_NAME)";
				SWIFT_VERSION = 4.0;
				TARGETED_DEVICE_FAMILY = "1,2";
			};
			name = Release;
		};
/* End XCBuildConfiguration section */

/* Begin XCConfigurationList section */
		12A0FB8F210E8EB100BAA7FA /* Build configuration list for PBXProject "GetGoingAssignment" */ = {
			isa = XCConfigurationList;
			buildConfigurations = (
				12A0FBA4210E8EB300BAA7FA /* Debug */,
				12A0FBA5210E8EB300BAA7FA /* Release */,
			);
			defaultConfigurationIsVisible = 0;
			defaultConfigurationName = Release;
		};
		12A0FBA6210E8EB300BAA7FA /* Build configuration list for PBXNativeTarget "GetGoingAssignment" */ = {
			isa = XCConfigurationList;
			buildConfigurations = (
				12A0FBA7210E8EB300BAA7FA /* Debug */,
				12A0FBA8210E8EB300BAA7FA /* Release */,
			);
			defaultConfigurationIsVisible = 0;
			defaultConfigurationName = Release;
		};
/* End XCConfigurationList section */
	};
	rootObject = 12A0FB8C210E8EB100BAA7FA /* Project object */;
}
